# THIS IS AN AUTOGENERATED FILE. DO NOT EDIT THIS FILE DIRECTLY.
# yarn lockfile v1


"@types/wechat-miniprogram@^3.4.0":
  version "3.4.0"
  resolved "https://registry.npmmirror.com/@types/wechat-miniprogram/-/wechat-miniprogram-3.4.0.tgz#d743d5b3c17bd531c2c178ea1fe9d92a0b23bcd0"
  integrity sha512-7d7KDwoV42/ANx/0C8C4ctBv1q9XnXYD4Fz0C+3ii0Tm+HRIwwDcinv8S88Ut/Y80czlI0shGpTgLFe0GbrXWQ==

typescript@^4.5.5:
  version "4.5.5"
  resolved "https://registry.npmmirror.com/typescript/-/typescript-4.5.5.tgz#d8c953832d28924a9e3d37c73d729c846c5896f3"
  integrity sha512-TCTIul70LyWe6IJWT8QSYeA54WQe8EjQFU4wY52Fasj5UKx88LNYKCgBEHcOMOrFF1rKGbD8v/xcNWVUq9SymA==
